dependencies:
  idf:
    source:
      type: idf
    version: 5.5.0
  quackonauty/esp_ssd1306:
    component_hash: 2ec9af1c61cf0a011855b6df8c102fa1241179c86c3fec9e2696809828bf1d73
    dependencies: []
    source:
      git: https://github.com/quackonauty/ESP-IDF-ESP_SSD1306.git
      path: .
      type: git
    version: 5a09b49bca90bcb153d166761b678782e52d877f
direct_dependencies:
- quackonauty/esp_ssd1306
manifest_hash: 4fc6fa4fc85833053f219e9fb9e1e9821b2b20d3ace27e7f174b62c776930ef9
target: esp32
version: 2.0.0
